
Microsoft Visual Studio Solution File, Format Version 12.00
# Visual Studio 2012
Project("{FAE04EC0-301F-11D3-BF4B-00C04F79EFBC}") = "DemoApp.Android", "DemoApp.Android\DemoApp.Android.csproj", "{573F51E2-0FAD-46E0-94F7-D0C290C23A24}"
EndProject
Project("{FAE04EC0-301F-11D3-BF4B-00C04F79EFBC}") = "DemoApp.iOS", "DemoApp.iOS\DemoApp.iOS.csproj", "{47149CDE-596A-49D9-9782-82085AA26A43}"
EndProject
Project("{FAE04EC0-301F-11D3-BF4B-00C04F79EFBC}") = "DemoApp", "DemoApp\DemoApp.csproj", "{BA9E8F8B-7DA3-4E56-93B5-7F33B307C522}"
EndProject
Project("{FAE04EC0-301F-11D3-BF4B-00C04F79EFBC}") = "ApproovSDK.Android", "ApproovSDK.Android\ApproovSDK.Android.csproj", "{DC074ED3-B071-4C5D-976B-B4506F3DA72A}"
EndProject
Project("{FAE04EC0-301F-11D3-BF4B-00C04F79EFBC}") = "ApproovSDK", "ApproovSDK\ApproovSDK.csproj", "{204CA3C9-1B2E-4363-9FF0-DEFBDFF46C7D}"
EndProject
Project("{FAE04EC0-301F-11D3-BF4B-00C04F79EFBC}") = "ApproovSDK.iOS", "ApproovSDK.iOS\ApproovSDK.iOS.csproj", "{25B54EDF-21E0-450B-A6EA-BD3083773280}"
EndProject
Project("{FAE04EC0-301F-11D3-BF4B-00C04F79EFBC}") = "ApproovSDK.iOS.Bind", "ApproovSDK.iOS.Bind\ApproovSDK.iOS.Bind.csproj", "{0E933133-1156-4DCA-B161-CDD34BB50980}"
EndProject
Global
	GlobalSection(SolutionConfigurationPlatforms) = preSolution
		Debug|Any CPU = Debug|Any CPU
		Release|Any CPU = Release|Any CPU
		Debug|iPhoneSimulator = Debug|iPhoneSimulator
		Release|iPhoneSimulator = Release|iPhoneSimulator
		Debug|iPhone = Debug|iPhone
		Release|iPhone = Release|iPhone
		Ad-Hoc|iPhone = Ad-Hoc|iPhone
		AppStore|iPhone = AppStore|iPhone
		Default|Any CPU = Default|Any CPU
	EndGlobalSection
	GlobalSection(ProjectConfigurationPlatforms) = postSolution
		{573F51E2-0FAD-46E0-94F7-D0C290C23A24}.Debug|Any CPU.ActiveCfg = Debug|Any CPU
		{573F51E2-0FAD-46E0-94F7-D0C290C23A24}.Debug|Any CPU.Build.0 = Debug|Any CPU
		{573F51E2-0FAD-46E0-94F7-D0C290C23A24}.Release|Any CPU.ActiveCfg = Release|Any CPU
		{573F51E2-0FAD-46E0-94F7-D0C290C23A24}.Release|Any CPU.Build.0 = Release|Any CPU
		{573F51E2-0FAD-46E0-94F7-D0C290C23A24}.Debug|iPhoneSimulator.ActiveCfg = Debug|Any CPU
		{573F51E2-0FAD-46E0-94F7-D0C290C23A24}.Debug|iPhoneSimulator.Build.0 = Debug|Any CPU
		{573F51E2-0FAD-46E0-94F7-D0C290C23A24}.Release|iPhoneSimulator.ActiveCfg = Release|Any CPU
		{573F51E2-0FAD-46E0-94F7-D0C290C23A24}.Release|iPhoneSimulator.Build.0 = Release|Any CPU
		{573F51E2-0FAD-46E0-94F7-D0C290C23A24}.Debug|iPhone.ActiveCfg = Debug|Any CPU
		{573F51E2-0FAD-46E0-94F7-D0C290C23A24}.Debug|iPhone.Build.0 = Debug|Any CPU
		{573F51E2-0FAD-46E0-94F7-D0C290C23A24}.Release|iPhone.ActiveCfg = Release|Any CPU
		{573F51E2-0FAD-46E0-94F7-D0C290C23A24}.Release|iPhone.Build.0 = Release|Any CPU
		{573F51E2-0FAD-46E0-94F7-D0C290C23A24}.Ad-Hoc|iPhone.ActiveCfg = Debug|Any CPU
		{573F51E2-0FAD-46E0-94F7-D0C290C23A24}.Ad-Hoc|iPhone.Build.0 = Debug|Any CPU
		{573F51E2-0FAD-46E0-94F7-D0C290C23A24}.AppStore|iPhone.ActiveCfg = Debug|Any CPU
		{573F51E2-0FAD-46E0-94F7-D0C290C23A24}.AppStore|iPhone.Build.0 = Debug|Any CPU
		{573F51E2-0FAD-46E0-94F7-D0C290C23A24}.Default|Any CPU.ActiveCfg = Debug|Any CPU
		{573F51E2-0FAD-46E0-94F7-D0C290C23A24}.Default|Any CPU.Build.0 = Debug|Any CPU
		{47149CDE-596A-49D9-9782-82085AA26A43}.Debug|Any CPU.ActiveCfg = Debug|iPhoneSimulator
		{47149CDE-596A-49D9-9782-82085AA26A43}.Debug|Any CPU.Build.0 = Debug|iPhoneSimulator
		{47149CDE-596A-49D9-9782-82085AA26A43}.Release|Any CPU.ActiveCfg = Release|iPhoneSimulator
		{47149CDE-596A-49D9-9782-82085AA26A43}.Release|Any CPU.Build.0 = Release|iPhoneSimulator
		{47149CDE-596A-49D9-9782-82085AA26A43}.Debug|iPhoneSimulator.ActiveCfg = Debug|iPhoneSimulator
		{47149CDE-596A-49D9-9782-82085AA26A43}.Debug|iPhoneSimulator.Build.0 = Debug|iPhoneSimulator
		{47149CDE-596A-49D9-9782-82085AA26A43}.Release|iPhoneSimulator.ActiveCfg = Release|iPhoneSimulator
		{47149CDE-596A-49D9-9782-82085AA26A43}.Release|iPhoneSimulator.Build.0 = Release|iPhoneSimulator
		{47149CDE-596A-49D9-9782-82085AA26A43}.Debug|iPhone.ActiveCfg = Debug|iPhone
		{47149CDE-596A-49D9-9782-82085AA26A43}.Debug|iPhone.Build.0 = Debug|iPhone
		{47149CDE-596A-49D9-9782-82085AA26A43}.Release|iPhone.ActiveCfg = Release|iPhone
		{47149CDE-596A-49D9-9782-82085AA26A43}.Release|iPhone.Build.0 = Release|iPhone
		{47149CDE-596A-49D9-9782-82085AA26A43}.Ad-Hoc|iPhone.ActiveCfg = Ad-Hoc|iPhone
		{47149CDE-596A-49D9-9782-82085AA26A43}.Ad-Hoc|iPhone.Build.0 = Ad-Hoc|iPhone
		{47149CDE-596A-49D9-9782-82085AA26A43}.AppStore|iPhone.ActiveCfg = AppStore|iPhone
		{47149CDE-596A-49D9-9782-82085AA26A43}.AppStore|iPhone.Build.0 = AppStore|iPhone
		{47149CDE-596A-49D9-9782-82085AA26A43}.Default|Any CPU.ActiveCfg = Debug|iPhoneSimulator
		{47149CDE-596A-49D9-9782-82085AA26A43}.Default|Any CPU.Build.0 = Debug|iPhoneSimulator
		{BA9E8F8B-7DA3-4E56-93B5-7F33B307C522}.Debug|Any CPU.ActiveCfg = Debug|Any CPU
		{BA9E8F8B-7DA3-4E56-93B5-7F33B307C522}.Debug|Any CPU.Build.0 = Debug|Any CPU
		{BA9E8F8B-7DA3-4E56-93B5-7F33B307C522}.Release|Any CPU.ActiveCfg = Release|Any CPU
		{BA9E8F8B-7DA3-4E56-93B5-7F33B307C522}.Release|Any CPU.Build.0 = Release|Any CPU
		{BA9E8F8B-7DA3-4E56-93B5-7F33B307C522}.Debug|iPhoneSimulator.ActiveCfg = Debug|Any CPU
		{BA9E8F8B-7DA3-4E56-93B5-7F33B307C522}.Debug|iPhoneSimulator.Build.0 = Debug|Any CPU
		{BA9E8F8B-7DA3-4E56-93B5-7F33B307C522}.Release|iPhoneSimulator.ActiveCfg = Release|Any CPU
		{BA9E8F8B-7DA3-4E56-93B5-7F33B307C522}.Release|iPhoneSimulator.Build.0 = Release|Any CPU
		{BA9E8F8B-7DA3-4E56-93B5-7F33B307C522}.Debug|iPhone.ActiveCfg = Debug|Any CPU
		{BA9E8F8B-7DA3-4E56-93B5-7F33B307C522}.Debug|iPhone.Build.0 = Debug|Any CPU
		{BA9E8F8B-7DA3-4E56-93B5-7F33B307C522}.Release|iPhone.ActiveCfg = Release|Any CPU
		{BA9E8F8B-7DA3-4E56-93B5-7F33B307C522}.Release|iPhone.Build.0 = Release|Any CPU
		{BA9E8F8B-7DA3-4E56-93B5-7F33B307C522}.Ad-Hoc|iPhone.ActiveCfg = Debug|Any CPU
		{BA9E8F8B-7DA3-4E56-93B5-7F33B307C522}.Ad-Hoc|iPhone.Build.0 = Debug|Any CPU
		{BA9E8F8B-7DA3-4E56-93B5-7F33B307C522}.AppStore|iPhone.ActiveCfg = Debug|Any CPU
		{BA9E8F8B-7DA3-4E56-93B5-7F33B307C522}.AppStore|iPhone.Build.0 = Debug|Any CPU
		{BA9E8F8B-7DA3-4E56-93B5-7F33B307C522}.Default|Any CPU.ActiveCfg = Debug|Any CPU
		{BA9E8F8B-7DA3-4E56-93B5-7F33B307C522}.Default|Any CPU.Build.0 = Debug|Any CPU
		{DC074ED3-B071-4C5D-976B-B4506F3DA72A}.Debug|Any CPU.ActiveCfg = Debug|Any CPU
		{DC074ED3-B071-4C5D-976B-B4506F3DA72A}.Debug|Any CPU.Build.0 = Debug|Any CPU
		{DC074ED3-B071-4C5D-976B-B4506F3DA72A}.Release|Any CPU.ActiveCfg = Release|Any CPU
		{DC074ED3-B071-4C5D-976B-B4506F3DA72A}.Release|Any CPU.Build.0 = Release|Any CPU
		{DC074ED3-B071-4C5D-976B-B4506F3DA72A}.Debug|iPhoneSimulator.ActiveCfg = Debug|Any CPU
		{DC074ED3-B071-4C5D-976B-B4506F3DA72A}.Debug|iPhoneSimulator.Build.0 = Debug|Any CPU
		{DC074ED3-B071-4C5D-976B-B4506F3DA72A}.Release|iPhoneSimulator.ActiveCfg = Release|Any CPU
		{DC074ED3-B071-4C5D-976B-B4506F3DA72A}.Release|iPhoneSimulator.Build.0 = Release|Any CPU
		{DC074ED3-B071-4C5D-976B-B4506F3DA72A}.Debug|iPhone.ActiveCfg = Debug|Any CPU
		{DC074ED3-B071-4C5D-976B-B4506F3DA72A}.Debug|iPhone.Build.0 = Debug|Any CPU
		{DC074ED3-B071-4C5D-976B-B4506F3DA72A}.Release|iPhone.ActiveCfg = Release|Any CPU
		{DC074ED3-B071-4C5D-976B-B4506F3DA72A}.Release|iPhone.Build.0 = Release|Any CPU
		{DC074ED3-B071-4C5D-976B-B4506F3DA72A}.Ad-Hoc|iPhone.ActiveCfg = Release|Any CPU
		{DC074ED3-B071-4C5D-976B-B4506F3DA72A}.Ad-Hoc|iPhone.Build.0 = Release|Any CPU
		{DC074ED3-B071-4C5D-976B-B4506F3DA72A}.AppStore|iPhone.ActiveCfg = Release|Any CPU
		{DC074ED3-B071-4C5D-976B-B4506F3DA72A}.AppStore|iPhone.Build.0 = Release|Any CPU
		{DC074ED3-B071-4C5D-976B-B4506F3DA72A}.Default|Any CPU.ActiveCfg = Debug|Any CPU
		{DC074ED3-B071-4C5D-976B-B4506F3DA72A}.Default|Any CPU.Build.0 = Debug|Any CPU
		{204CA3C9-1B2E-4363-9FF0-DEFBDFF46C7D}.Debug|Any CPU.ActiveCfg = Debug|Any CPU
		{204CA3C9-1B2E-4363-9FF0-DEFBDFF46C7D}.Debug|Any CPU.Build.0 = Debug|Any CPU
		{204CA3C9-1B2E-4363-9FF0-DEFBDFF46C7D}.Release|Any CPU.ActiveCfg = Release|Any CPU
		{204CA3C9-1B2E-4363-9FF0-DEFBDFF46C7D}.Release|Any CPU.Build.0 = Release|Any CPU
		{204CA3C9-1B2E-4363-9FF0-DEFBDFF46C7D}.Debug|iPhoneSimulator.ActiveCfg = Debug|Any CPU
		{204CA3C9-1B2E-4363-9FF0-DEFBDFF46C7D}.Debug|iPhoneSimulator.Build.0 = Debug|Any CPU
		{204CA3C9-1B2E-4363-9FF0-DEFBDFF46C7D}.Release|iPhoneSimulator.ActiveCfg = Release|Any CPU
		{204CA3C9-1B2E-4363-9FF0-DEFBDFF46C7D}.Release|iPhoneSimulator.Build.0 = Release|Any CPU
		{204CA3C9-1B2E-4363-9FF0-DEFBDFF46C7D}.Debug|iPhone.ActiveCfg = Debug|Any CPU
		{204CA3C9-1B2E-4363-9FF0-DEFBDFF46C7D}.Debug|iPhone.Build.0 = Debug|Any CPU
		{204CA3C9-1B2E-4363-9FF0-DEFBDFF46C7D}.Release|iPhone.ActiveCfg = Release|Any CPU
		{204CA3C9-1B2E-4363-9FF0-DEFBDFF46C7D}.Release|iPhone.Build.0 = Release|Any CPU
		{204CA3C9-1B2E-4363-9FF0-DEFBDFF46C7D}.Ad-Hoc|iPhone.ActiveCfg = Release|Any CPU
		{204CA3C9-1B2E-4363-9FF0-DEFBDFF46C7D}.Ad-Hoc|iPhone.Build.0 = Release|Any CPU
		{204CA3C9-1B2E-4363-9FF0-DEFBDFF46C7D}.AppStore|iPhone.ActiveCfg = Release|Any CPU
		{204CA3C9-1B2E-4363-9FF0-DEFBDFF46C7D}.AppStore|iPhone.Build.0 = Release|Any CPU
		{204CA3C9-1B2E-4363-9FF0-DEFBDFF46C7D}.Default|Any CPU.ActiveCfg = Debug|Any CPU
		{204CA3C9-1B2E-4363-9FF0-DEFBDFF46C7D}.Default|Any CPU.Build.0 = Debug|Any CPU
		{25B54EDF-21E0-450B-A6EA-BD3083773280}.Debug|Any CPU.ActiveCfg = Debug|Any CPU
		{25B54EDF-21E0-450B-A6EA-BD3083773280}.Debug|Any CPU.Build.0 = Debug|Any CPU
		{25B54EDF-21E0-450B-A6EA-BD3083773280}.Release|Any CPU.ActiveCfg = Release|Any CPU
		{25B54EDF-21E0-450B-A6EA-BD3083773280}.Release|Any CPU.Build.0 = Release|Any CPU
		{25B54EDF-21E0-450B-A6EA-BD3083773280}.Debug|iPhoneSimulator.ActiveCfg = Debug|Any CPU
		{25B54EDF-21E0-450B-A6EA-BD3083773280}.Debug|iPhoneSimulator.Build.0 = Debug|Any CPU
		{25B54EDF-21E0-450B-A6EA-BD3083773280}.Release|iPhoneSimulator.ActiveCfg = Release|Any CPU
		{25B54EDF-21E0-450B-A6EA-BD3083773280}.Release|iPhoneSimulator.Build.0 = Release|Any CPU
		{25B54EDF-21E0-450B-A6EA-BD3083773280}.Debug|iPhone.ActiveCfg = Debug|Any CPU
		{25B54EDF-21E0-450B-A6EA-BD3083773280}.Debug|iPhone.Build.0 = Debug|Any CPU
		{25B54EDF-21E0-450B-A6EA-BD3083773280}.Release|iPhone.ActiveCfg = Release|Any CPU
		{25B54EDF-21E0-450B-A6EA-BD3083773280}.Release|iPhone.Build.0 = Release|Any CPU
		{25B54EDF-21E0-450B-A6EA-BD3083773280}.Ad-Hoc|iPhone.ActiveCfg = Debug|Any CPU
		{25B54EDF-21E0-450B-A6EA-BD3083773280}.Ad-Hoc|iPhone.Build.0 = Debug|Any CPU
		{25B54EDF-21E0-450B-A6EA-BD3083773280}.AppStore|iPhone.ActiveCfg = Debug|Any CPU
		{25B54EDF-21E0-450B-A6EA-BD3083773280}.AppStore|iPhone.Build.0 = Debug|Any CPU
		{25B54EDF-21E0-450B-A6EA-BD3083773280}.Default|Any CPU.ActiveCfg = Debug|Any CPU
		{25B54EDF-21E0-450B-A6EA-BD3083773280}.Default|Any CPU.Build.0 = Debug|Any CPU
		{0E933133-1156-4DCA-B161-CDD34BB50980}.Debug|Any CPU.ActiveCfg = Debug|Any CPU
		{0E933133-1156-4DCA-B161-CDD34BB50980}.Debug|Any CPU.Build.0 = Debug|Any CPU
		{0E933133-1156-4DCA-B161-CDD34BB50980}.Release|Any CPU.ActiveCfg = Release|Any CPU
		{0E933133-1156-4DCA-B161-CDD34BB50980}.Release|Any CPU.Build.0 = Release|Any CPU
		{0E933133-1156-4DCA-B161-CDD34BB50980}.Debug|iPhoneSimulator.ActiveCfg = Debug|Any CPU
		{0E933133-1156-4DCA-B161-CDD34BB50980}.Debug|iPhoneSimulator.Build.0 = Debug|Any CPU
		{0E933133-1156-4DCA-B161-CDD34BB50980}.Release|iPhoneSimulator.ActiveCfg = Release|Any CPU
		{0E933133-1156-4DCA-B161-CDD34BB50980}.Release|iPhoneSimulator.Build.0 = Release|Any CPU
		{0E933133-1156-4DCA-B161-CDD34BB50980}.Debug|iPhone.ActiveCfg = Debug|Any CPU
		{0E933133-1156-4DCA-B161-CDD34BB50980}.Debug|iPhone.Build.0 = Debug|Any CPU
		{0E933133-1156-4DCA-B161-CDD34BB50980}.Release|iPhone.ActiveCfg = Release|Any CPU
		{0E933133-1156-4DCA-B161-CDD34BB50980}.Release|iPhone.Build.0 = Release|Any CPU
		{0E933133-1156-4DCA-B161-CDD34BB50980}.Ad-Hoc|iPhone.ActiveCfg = Release|Any CPU
		{0E933133-1156-4DCA-B161-CDD34BB50980}.Ad-Hoc|iPhone.Build.0 = Release|Any CPU
		{0E933133-1156-4DCA-B161-CDD34BB50980}.AppStore|iPhone.ActiveCfg = Release|Any CPU
		{0E933133-1156-4DCA-B161-CDD34BB50980}.AppStore|iPhone.Build.0 = Release|Any CPU
		{0E933133-1156-4DCA-B161-CDD34BB50980}.Default|Any CPU.ActiveCfg = Debug|Any CPU
		{0E933133-1156-4DCA-B161-CDD34BB50980}.Default|Any CPU.Build.0 = Debug|Any CPU
	EndGlobalSection
EndGlobal
